
Microsoft Visual Studio Solution File, Format Version 12.00
# Visual Studio Version 17
VisualStudioVersion = 17.6.33829.357
MinimumVisualStudioVersion = 10.0.40219.1
Project("{9A19103F-16F7-4668-BE54-9A1E7A4F7556}") = "Optimize An Algorithm", "Optimize An Algorithm\Optimize An Algorithm.csproj", "{A74D029D-CFF7-4F36-ACF3-0F4EF12E4E42}"
EndProject
Project("{9A19103F-16F7-4668-BE54-9A1E7A4F7556}") = "StringAlgorithms.ValidateString", "StringAlgorithms\StringAlgorithms.ValidateString.csproj", "{C9CC9FFF-6320-4B4D-8CB3-EF3A97CD4440}"
EndProject
Project("{9A19103F-16F7-4668-BE54-9A1E7A4F7556}") = "StringAlgorithms.NormalizeString", "StringAlgorithms.NormalizeString\StringAlgorithms.NormalizeString.csproj", "{6757F389-9402-4E75-81E9-F65AD9682B2D}"
EndProject
Project("{9A19103F-16F7-4668-BE54-9A1E7A4F7556}") = "StringAlgorithms.Parse_and_Search_string", "StringAlgorithms.Parse_and_Search_string\StringAlgorithms.Parse_and_Search_string.csproj", "{6DC46B16-5079-40A3-9373-4390F0526BBF}"
EndProject
Project("{9A19103F-16F7-4668-BE54-9A1E7A4F7556}") = "StringAlgorithms.Algorithm-driven strings", "StringAlgorithms.Algorithm-driven strings\StringAlgorithms.Algorithm-driven strings.csproj", "{D012F017-F89B-4E6A-83C6-9BEAC73054A4}"
EndProject
Project("{9A19103F-16F7-4668-BE54-9A1E7A4F7556}") = "ArrayAlgorithms.LinearSearchArray", "ArrayAlgorithms.LinearSearchArray\ArrayAlgorithms.LinearSearchArray.csproj", "{18CAAC8B-D772-4914-A01B-1F6F454E2AF4}"
EndProject
Project("{9A19103F-16F7-4668-BE54-9A1E7A4F7556}") = "ArrayAlgorithms.BinarySearch", "ArrayAlgorithms.BinarySearch\ArrayAlgorithms.BinarySearch.csproj", "{A1C1A2B0-0BC7-4DD3-8136-F79F12010A1A}"
EndProject
Project("{FAE04EC0-301F-11D3-BF4B-00C04F79EFBC}") = "ArrayAlgorithms.AggregateAndFilter", "ArrayAlgorithms.AggregateAndFilter\ArrayAlgorithms.AggregateAndFilter.csproj", "{BE3FCF99-BDA7-4F0B-B177-9DD7E87BB255}"
EndProject
Global
	GlobalSection(SolutionConfigurationPlatforms) = preSolution
		Debug|Any CPU = Debug|Any CPU
		Release|Any CPU = Release|Any CPU
	EndGlobalSection
	GlobalSection(ProjectConfigurationPlatforms) = postSolution
		{A74D029D-CFF7-4F36-ACF3-0F4EF12E4E42}.Debug|Any CPU.ActiveCfg = Debug|Any CPU
		{A74D029D-CFF7-4F36-ACF3-0F4EF12E4E42}.Debug|Any CPU.Build.0 = Debug|Any CPU
		{A74D029D-CFF7-4F36-ACF3-0F4EF12E4E42}.Release|Any CPU.ActiveCfg = Release|Any CPU
		{A74D029D-CFF7-4F36-ACF3-0F4EF12E4E42}.Release|Any CPU.Build.0 = Release|Any CPU
		{C9CC9FFF-6320-4B4D-8CB3-EF3A97CD4440}.Debug|Any CPU.ActiveCfg = Debug|Any CPU
		{C9CC9FFF-6320-4B4D-8CB3-EF3A97CD4440}.Debug|Any CPU.Build.0 = Debug|Any CPU
		{C9CC9FFF-6320-4B4D-8CB3-EF3A97CD4440}.Release|Any CPU.ActiveCfg = Release|Any CPU
		{C9CC9FFF-6320-4B4D-8CB3-EF3A97CD4440}.Release|Any CPU.Build.0 = Release|Any CPU
		{6757F389-9402-4E75-81E9-F65AD9682B2D}.Debug|Any CPU.ActiveCfg = Debug|Any CPU
		{6757F389-9402-4E75-81E9-F65AD9682B2D}.Debug|Any CPU.Build.0 = Debug|Any CPU
		{6757F389-9402-4E75-81E9-F65AD9682B2D}.Release|Any CPU.ActiveCfg = Release|Any CPU
		{6757F389-9402-4E75-81E9-F65AD9682B2D}.Release|Any CPU.Build.0 = Release|Any CPU
		{6DC46B16-5079-40A3-9373-4390F0526BBF}.Debug|Any CPU.ActiveCfg = Debug|Any CPU
		{6DC46B16-5079-40A3-9373-4390F0526BBF}.Debug|Any CPU.Build.0 = Debug|Any CPU
		{6DC46B16-5079-40A3-9373-4390F0526BBF}.Release|Any CPU.ActiveCfg = Release|Any CPU
		{6DC46B16-5079-40A3-9373-4390F0526BBF}.Release|Any CPU.Build.0 = Release|Any CPU
		{D012F017-F89B-4E6A-83C6-9BEAC73054A4}.Debug|Any CPU.ActiveCfg = Debug|Any CPU
		{D012F017-F89B-4E6A-83C6-9BEAC73054A4}.Debug|Any CPU.Build.0 = Debug|Any CPU
		{D012F017-F89B-4E6A-83C6-9BEAC73054A4}.Release|Any CPU.ActiveCfg = Release|Any CPU
		{D012F017-F89B-4E6A-83C6-9BEAC73054A4}.Release|Any CPU.Build.0 = Release|Any CPU
		{18CAAC8B-D772-4914-A01B-1F6F454E2AF4}.Debug|Any CPU.ActiveCfg = Debug|Any CPU
		{18CAAC8B-D772-4914-A01B-1F6F454E2AF4}.Debug|Any CPU.Build.0 = Debug|Any CPU
		{18CAAC8B-D772-4914-A01B-1F6F454E2AF4}.Release|Any CPU.ActiveCfg = Release|Any CPU
		{18CAAC8B-D772-4914-A01B-1F6F454E2AF4}.Release|Any CPU.Build.0 = Release|Any CPU
		{A1C1A2B0-0BC7-4DD3-8136-F79F12010A1A}.Debug|Any CPU.ActiveCfg = Debug|Any CPU
		{A1C1A2B0-0BC7-4DD3-8136-F79F12010A1A}.Debug|Any CPU.Build.0 = Debug|Any CPU
		{A1C1A2B0-0BC7-4DD3-8136-F79F12010A1A}.Release|Any CPU.ActiveCfg = Release|Any CPU
		{A1C1A2B0-0BC7-4DD3-8136-F79F12010A1A}.Release|Any CPU.Build.0 = Release|Any CPU
		{BE3FCF99-BDA7-4F0B-B177-9DD7E87BB255}.Debug|Any CPU.ActiveCfg = Debug|Any CPU
		{BE3FCF99-BDA7-4F0B-B177-9DD7E87BB255}.Debug|Any CPU.Build.0 = Debug|Any CPU
		{BE3FCF99-BDA7-4F0B-B177-9DD7E87BB255}.Release|Any CPU.ActiveCfg = Release|Any CPU
		{BE3FCF99-BDA7-4F0B-B177-9DD7E87BB255}.Release|Any CPU.Build.0 = Release|Any CPU
	EndGlobalSection
	GlobalSection(SolutionProperties) = preSolution
		HideSolutionNode = FALSE
	EndGlobalSection
	GlobalSection(ExtensibilityGlobals) = postSolution
		SolutionGuid = {27E3F343-7928-4EB5-9980-8FA85FE35023}
	EndGlobalSection
EndGlobal
